
Microsoft Visual Studio Solution File, Format Version 12.00
# Visual Studio Version 16
VisualStudioVersion = 16.0.31112.23
MinimumVisualStudioVersion = 10.0.40219.1
Project("{2150E333-8FDC-42A3-9474-1A3956D46DE8}") = "src", "src", "{4603DA08-4297-4219-8561-4BB438A25246}"
EndProject
Project("{9A19103F-16F7-4668-BE54-9A1E7A4F7556}") = "DotNetWebApi.Common", "src\DotNetWebApi.Common\DotNetWebApi.Common.csproj", "{AD007662-02BE-4DB6-AF79-BE837406D0CA}"
EndProject
Project("{9A19103F-16F7-4668-BE54-9A1E7A4F7556}") = "DotNetWebApi.DomainClasses", "src\DotNetWebApi.DomainClasses\DotNetWebApi.DomainClasses.csproj", "{135ED8BB-9D14-4749-853A-2607ACC71D40}"
EndProject
Project("{9A19103F-16F7-4668-BE54-9A1E7A4F7556}") = "DotNetWebApi.DataLayer", "src\DotNetWebApi.DataLayer\DotNetWebApi.DataLayer.csproj", "{DA47E4A2-6D06-4400-9CC9-950012FF3B35}"
EndProject
Project("{9A19103F-16F7-4668-BE54-9A1E7A4F7556}") = "DotNetWebApi.Services", "src\DotNetWebApi.Services\DotNetWebApi.Services.csproj", "{96F05302-D55E-4B8B-94F6-D187102F6FE3}"
EndProject
Project("{9A19103F-16F7-4668-BE54-9A1E7A4F7556}") = "DotNetWebApi.IocConfig", "src\DotNetWebApi.IocConfig\DotNetWebApi.IocConfig.csproj", "{B054C7E2-04F7-4C25-80C7-9EDBCA4A2625}"
EndProject
Project("{9A19103F-16F7-4668-BE54-9A1E7A4F7556}") = "DotNetWebApi.Web", "src\DotNetWebApi.Web\DotNetWebApi.Web.csproj", "{9128FE78-188A-4B95-9455-0FA89607E550}"
EndProject
Global
	GlobalSection(SolutionConfigurationPlatforms) = preSolution
		Debug|Any CPU = Debug|Any CPU
		Release|Any CPU = Release|Any CPU
	EndGlobalSection
	GlobalSection(ProjectConfigurationPlatforms) = postSolution
		{AD007662-02BE-4DB6-AF79-BE837406D0CA}.Debug|Any CPU.ActiveCfg = Debug|Any CPU
		{AD007662-02BE-4DB6-AF79-BE837406D0CA}.Debug|Any CPU.Build.0 = Debug|Any CPU
		{AD007662-02BE-4DB6-AF79-BE837406D0CA}.Release|Any CPU.ActiveCfg = Release|Any CPU
		{AD007662-02BE-4DB6-AF79-BE837406D0CA}.Release|Any CPU.Build.0 = Release|Any CPU
		{135ED8BB-9D14-4749-853A-2607ACC71D40}.Debug|Any CPU.ActiveCfg = Debug|Any CPU
		{135ED8BB-9D14-4749-853A-2607ACC71D40}.Debug|Any CPU.Build.0 = Debug|Any CPU
		{135ED8BB-9D14-4749-853A-2607ACC71D40}.Release|Any CPU.ActiveCfg = Release|Any CPU
		{135ED8BB-9D14-4749-853A-2607ACC71D40}.Release|Any CPU.Build.0 = Release|Any CPU
		{DA47E4A2-6D06-4400-9CC9-950012FF3B35}.Debug|Any CPU.ActiveCfg = Debug|Any CPU
		{DA47E4A2-6D06-4400-9CC9-950012FF3B35}.Debug|Any CPU.Build.0 = Debug|Any CPU
		{DA47E4A2-6D06-4400-9CC9-950012FF3B35}.Release|Any CPU.ActiveCfg = Release|Any CPU
		{DA47E4A2-6D06-4400-9CC9-950012FF3B35}.Release|Any CPU.Build.0 = Release|Any CPU
		{96F05302-D55E-4B8B-94F6-D187102F6FE3}.Debug|Any CPU.ActiveCfg = Debug|Any CPU
		{96F05302-D55E-4B8B-94F6-D187102F6FE3}.Debug|Any CPU.Build.0 = Debug|Any CPU
		{96F05302-D55E-4B8B-94F6-D187102F6FE3}.Release|Any CPU.ActiveCfg = Release|Any CPU
		{96F05302-D55E-4B8B-94F6-D187102F6FE3}.Release|Any CPU.Build.0 = Release|Any CPU
		{B054C7E2-04F7-4C25-80C7-9EDBCA4A2625}.Debug|Any CPU.ActiveCfg = Debug|Any CPU
		{B054C7E2-04F7-4C25-80C7-9EDBCA4A2625}.Debug|Any CPU.Build.0 = Debug|Any CPU
		{B054C7E2-04F7-4C25-80C7-9EDBCA4A2625}.Release|Any CPU.ActiveCfg = Release|Any CPU
		{B054C7E2-04F7-4C25-80C7-9EDBCA4A2625}.Release|Any CPU.Build.0 = Release|Any CPU
		{9128FE78-188A-4B95-9455-0FA89607E550}.Debug|Any CPU.ActiveCfg = Debug|Any CPU
		{9128FE78-188A-4B95-9455-0FA89607E550}.Debug|Any CPU.Build.0 = Debug|Any CPU
		{9128FE78-188A-4B95-9455-0FA89607E550}.Release|Any CPU.ActiveCfg = Release|Any CPU
		{9128FE78-188A-4B95-9455-0FA89607E550}.Release|Any CPU.Build.0 = Release|Any CPU
	EndGlobalSection
	GlobalSection(SolutionProperties) = preSolution
		HideSolutionNode = FALSE
	EndGlobalSection
	GlobalSection(NestedProjects) = preSolution
		{AD007662-02BE-4DB6-AF79-BE837406D0CA} = {4603DA08-4297-4219-8561-4BB438A25246}
		{135ED8BB-9D14-4749-853A-2607ACC71D40} = {4603DA08-4297-4219-8561-4BB438A25246}
		{DA47E4A2-6D06-4400-9CC9-950012FF3B35} = {4603DA08-4297-4219-8561-4BB438A25246}
		{96F05302-D55E-4B8B-94F6-D187102F6FE3} = {4603DA08-4297-4219-8561-4BB438A25246}
		{B054C7E2-04F7-4C25-80C7-9EDBCA4A2625} = {4603DA08-4297-4219-8561-4BB438A25246}
		{9128FE78-188A-4B95-9455-0FA89607E550} = {4603DA08-4297-4219-8561-4BB438A25246}
	EndGlobalSection
	GlobalSection(ExtensibilityGlobals) = postSolution
		SolutionGuid = {A1AC1AD7-5C71-435B-8D63-995039058CB1}
	EndGlobalSection
EndGlobal
